
Microsoft Visual Studio Solution File, Format Version 12.00
# Visual Studio 2015
Project("{FAE04EC0-301F-11D3-BF4B-00C04F79EFBC}") = "UnityVS.CharacterController2D.CSharp", "UnityVS.CharacterController2D.CSharp.csproj", "{9132F76F-10CE-A7F2-C844-B36B66538715}"
EndProject
Global
	GlobalSection(SolutionConfigurationPlatforms) = preSolution
		Debug|Any CPU = Debug|Any CPU
		Release|Any CPU = Release|Any CPU
	EndGlobalSection
	GlobalSection(ProjectConfigurationPlatforms) = postSolution
		{9132F76F-10CE-A7F2-C844-B36B66538715}.Debug|Any CPU.ActiveCfg = Debug|Any CPU
		{9132F76F-10CE-A7F2-C844-B36B66538715}.Debug|Any CPU.Build.0 = Debug|Any CPU
		{9132F76F-10CE-A7F2-C844-B36B66538715}.Release|Any CPU.ActiveCfg = Release|Any CPU
		{9132F76F-10CE-A7F2-C844-B36B66538715}.Release|Any CPU.Build.0 = Release|Any CPU
	EndGlobalSection
	GlobalSection(SolutionProperties) = preSolution
		HideSolutionNode = FALSE
	EndGlobalSection
EndGlobal
